// !$*UTF8*$!
{
	archiveVersion = 1;
	classes = {
	};
	objectVersion = 50;
	objects = {

/* Begin PBXBuildFile section */
		71E9F822220EC480007FBAE7 /* AppDelegate.swift in Sources */ = {isa = PBXBuildFile; fileRef = 71E9F821220EC480007FBAE7 /* AppDelegate.swift */; };
		71E9F824220EC480007FBAE7 /* ViewController.swift in Sources */ = {isa = PBXBuildFile; fileRef = 71E9F823220EC480007FBAE7 /* ViewController.swift */; };
		71E9F827220EC480007FBAE7 /* Main.storyboard in Resources */ = {isa = PBXBuildFile; fileRef = 71E9F825220EC480007FBAE7 /* Main.storyboard */; };
		71E9F829220EC480007FBAE7 /* Assets.xcassets in Resources */ = {isa = PBXBuildFile; fileRef = 71E9F828220EC480007FBAE7 /* Assets.xcassets */; };
		71E9F82C220EC480007FBAE7 /* LaunchScreen.storyboard in Resources */ = {isa = PBXBuildFile; fileRef = 71E9F82A220EC480007FBAE7 /* LaunchScreen.storyboard */; };
		75DAB3ECAEC24D753D0B4FA5 /* Pods_JBInspectorExample.framework in Frameworks */ = {isa = PBXBuildFile; fileRef = 2E85804BBD41977FD664C385 /* Pods_JBInspectorExample.framework */; };
/* End PBXBuildFile section */

/* Begin PBXFileReference section */
		0C88EB90A27982261A324420 /* Pods-JBInspectorExample.release.xcconfig */ = {isa = PBXFileReference; includeInIndex = 1; lastKnownFileType = text.xcconfig; name = "Pods-JBInspectorExample.release.xcconfig"; path = "Target Support Files/Pods-JBInspectorExample/Pods-JBInspectorExample.release.xcconfig"; sourceTree = "<group>"; };
		2E85804BBD41977FD664C385 /* Pods_JBInspectorExample.framework */ = {isa = PBXFileReference; explicitFileType = wrapper.framework; includeInIndex = 0; path = Pods_JBInspectorExample.framework; sourceTree = BUILT_PRODUCTS_DIR; };
		71E9F81E220EC480007FBAE7 /* JBInspectorExample.app */ = {isa = PBXFileReference; explicitFileType = wrapper.application; includeInIndex = 0; path = JBInspectorExample.app; sourceTree = BUILT_PRODUCTS_DIR; };
		71E9F821220EC480007FBAE7 /* AppDelegate.swift */ = {isa = PBXFileReference; lastKnownFileType = sourcecode.swift; path = AppDelegate.swift; sourceTree = "<group>"; };
		71E9F823220EC480007FBAE7 /* ViewController.swift */ = {isa = PBXFileReference; lastKnownFileType = sourcecode.swift; path = ViewController.swift; sourceTree = "<group>"; };
		71E9F826220EC480007FBAE7 /* Base */ = {isa = PBXFileReference; lastKnownFileType = file.storyboard; name = Base; path = Base.lproj/Main.storyboard; sourceTree = "<group>"; };
		71E9F828220EC480007FBAE7 /* Assets.xcassets */ = {isa = PBXFileReference; lastKnownFileType = folder.assetcatalog; path = Assets.xcassets; sourceTree = "<group>"; };
		71E9F82B220EC480007FBAE7 /* Base */ = {isa = PBXFileReference; lastKnownFileType = file.storyboard; name = Base; path = Base.lproj/LaunchScreen.storyboard; sourceTree = "<group>"; };
		71E9F82D220EC480007FBAE7 /* Info.plist */ = {isa = PBXFileReference; lastKnownFileType = text.plist.xml; path = Info.plist; sourceTree = "<group>"; };
		DA42648062B994F733F15378 /* Pods-JBInspectorExample.debug.xcconfig */ = {isa = PBXFileReference; includeInIndex = 1; lastKnownFileType = text.xcconfig; name = "Pods-JBInspectorExample.debug.xcconfig"; path = "Target Support Files/Pods-JBInspectorExample/Pods-JBInspectorExample.debug.xcconfig"; sourceTree = "<group>"; };
/* End PBXFileReference section */

/* Begin PBXFrameworksBuildPhase section */
		71E9F81B220EC480007FBAE7 /* Frameworks */ = {
			isa = PBXFrameworksBuildPhase;
			buildActionMask = 2147483647;
			files = (
				75DAB3ECAEC24D753D0B4FA5 /* Pods_JBInspectorExample.framework in Frameworks */,
			);
			runOnlyForDeploymentPostprocessing = 0;
		};
/* End PBXFrameworksBuildPhase section */

/* Begin PBXGroup section */
		63FE3AD44FDD2D642EAFE3CE /* Frameworks */ = {
			isa = PBXGroup;
			children = (
				2E85804BBD41977FD664C385 /* Pods_JBInspectorExample.framework */,
			);
			name = Frameworks;
			sourceTree = "<group>";
		};
		71E9F815220EC480007FBAE7 = {
			isa = PBXGroup;
			children = (
				71E9F820220EC480007FBAE7 /* JBInspectorExample */,
				71E9F81F220EC480007FBAE7 /* Products */,
				F6D38FFE7A2281DA8FC9134A /* Pods */,
				63FE3AD44FDD2D642EAFE3CE /* Frameworks */,
			);
			sourceTree = "<group>";
		};
		71E9F81F220EC480007FBAE7 /* Products */ = {
			isa = PBXGroup;
			children = (
				71E9F81E220EC480007FBAE7 /* JBInspectorExample.app */,
			);
			name = Products;
			sourceTree = "<group>";
		};
		71E9F820220EC480007FBAE7 /* JBInspectorExample */ = {
			isa = PBXGroup;
			children = (
				71E9F821220EC480007FBAE7 /* AppDelegate.swift */,
				71E9F823220EC480007FBAE7 /* ViewController.swift */,
				71E9F825220EC480007FBAE7 /* Main.storyboard */,
				71E9F828220EC480007FBAE7 /* Assets.xcassets */,
				71E9F82A220EC480007FBAE7 /* LaunchScreen.storyboard */,
				71E9F82D220EC480007FBAE7 /* Info.plist */,
			);
			path = JBInspectorExample;
			sourceTree = "<group>";
		};
		F6D38FFE7A2281DA8FC9134A /* Pods */ = {
			isa = PBXGroup;
			children = (
				DA42648062B994F733F15378 /* Pods-JBInspectorExample.debug.xcconfig */,
				0C88EB90A27982261A324420 /* Pods-JBInspectorExample.release.xcconfig */,
			);
			path = Pods;
			sourceTree = "<group>";
		};
/* End PBXGroup section */

/* Begin PBXNativeTarget section */
		71E9F81D220EC480007FBAE7 /* JBInspectorExample */ = {
			isa = PBXNativeTarget;
			buildConfigurationList = 71E9F830220EC480007FBAE7 /* Build configuration list for PBXNativeTarget "JBInspectorExample" */;
			buildPhases = (
				98CF026679A097B657B7DD36 /* [CP] Check Pods Manifest.lock */,
				71E9F81A220EC480007FBAE7 /* Sources */,
				71E9F81B220EC480007FBAE7 /* Frameworks */,
				71E9F81C220EC480007FBAE7 /* Resources */,
				71E9F8352212A3B6007FBAE7 /* ShellScript */,
				70C861CFC113708EE710E171 /* [CP] Embed Pods Frameworks */,
			);
			buildRules = (
			);
			dependencies = (
			);
			name = JBInspectorExample;
			productName = JBInspectorExample;
			productReference = 71E9F81E220EC480007FBAE7 /* JBInspectorExample.app */;
			productType = "com.apple.product-type.application";
		};
/* End PBXNativeTarget section */

/* Begin PBXProject section */
		71E9F816220EC480007FBAE7 /* Project object */ = {
			isa = PBXProject;
			attributes = {
				LastSwiftUpdateCheck = 1010;
				LastUpgradeCheck = 1010;
				ORGANIZATIONNAME = Nekolaboratory;
				TargetAttributes = {
					71E9F81D220EC480007FBAE7 = {
						CreatedOnToolsVersion = 10.1;
					};
				};
			};
			buildConfigurationList = 71E9F819220EC480007FBAE7 /* Build configuration list for PBXProject "JBInspectorExample" */;
			compatibilityVersion = "Xcode 9.3";
			developmentRegion = en;
			hasScannedForEncodings = 0;
			knownRegions = (
				en,
				Base,
			);
			mainGroup = 71E9F815220EC480007FBAE7;
			productRefGroup = 71E9F81F220EC480007FBAE7 /* Products */;
			projectDirPath = "";
			projectRoot = "";
			targets = (
				71E9F81D220EC480007FBAE7 /* JBInspectorExample */,
			);
		};
/* End PBXProject section */

/* Begin PBXResourcesBuildPhase section */
		71E9F81C220EC480007FBAE7 /* Resources */ = {
			isa = PBXResourcesBuildPhase;
			buildActionMask = 2147483647;
			files = (
				71E9F82C220EC480007FBAE7 /* LaunchScreen.storyboard in Resources */,
				71E9F829220EC480007FBAE7 /* Assets.xcassets in Resources */,
				71E9F827220EC480007FBAE7 /* Main.storyboard in Resources */,
			);
			runOnlyForDeploymentPostprocessing = 0;
		};
/* End PBXResourcesBuildPhase section */

/* Begin PBXShellScriptBuildPhase section */
		70C861CFC113708EE710E171 /* [CP] Embed Pods Frameworks */ = {
			isa = PBXShellScriptBuildPhase;
			buildActionMask = 2147483647;
			files = (
			);
			inputFileListPaths = (
				"${PODS_ROOT}/Target Support Files/Pods-JBInspectorExample/Pods-JBInspectorExample-frameworks-${CONFIGURATION}-input-files.xcfilelist",
			);
			name = "[CP] Embed Pods Frameworks";
			outputFileListPaths = (
				"${PODS_ROOT}/Target Support Files/Pods-JBInspectorExample/Pods-JBInspectorExample-frameworks-${CONFIGURATION}-output-files.xcfilelist",
			);
			runOnlyForDeploymentPostprocessing = 0;
			shellPath = /bin/sh;
			shellScript = "\"${PODS_ROOT}/Target Support Files/Pods-JBInspectorExample/Pods-JBInspectorExample-frameworks.sh\"\n";
			showEnvVarsInLog = 0;
		};
		71E9F8352212A3B6007FBAE7 /* ShellScript */ = {
			isa = PBXShellScriptBuildPhase;
			buildActionMask = 2147483647;
			files = (
			);
			inputFileListPaths = (
			);
			inputPaths = (
			);
			outputFileListPaths = (
			);
			outputPaths = (
			);
			runOnlyForDeploymentPostprocessing = 0;
			shellPath = /bin/sh;
			shellScript = "/usr/local/bin/carthage copy-frameworks\n";
		};
		98CF026679A097B657B7DD36 /* [CP] Check Pods Manifest.lock */ = {
			isa = PBXShellScriptBuildPhase;
			buildActionMask = 2147483647;
			files = (
			);
			inputFileListPaths = (
			);
			inputPaths = (
				"${PODS_PODFILE_DIR_PATH}/Podfile.lock",
				"${PODS_ROOT}/Manifest.lock",
			);
			name = "[CP] Check Pods Manifest.lock";
			outputFileListPaths = (
			);
			outputPaths = (
				"$(DERIVED_FILE_DIR)/Pods-JBInspectorExample-checkManifestLockResult.txt",
			);
			runOnlyForDeploymentPostprocessing = 0;
			shellPath = /bin/sh;
			shellScript = "diff \"${PODS_PODFILE_DIR_PATH}/Podfile.lock\" \"${PODS_ROOT}/Manifest.lock\" > /dev/null\nif [ $? != 0 ] ; then\n    # print error to STDERR\n    echo \"error: The sandbox is not in sync with the Podfile.lock. Run 'pod install' or update your CocoaPods installation.\" >&2\n    exit 1\nfi\n# This output is used by Xcode 'outputs' to avoid re-running this script phase.\necho \"SUCCESS\" > \"${SCRIPT_OUTPUT_FILE_0}\"\n";
			showEnvVarsInLog = 0;
		};
/* End PBXShellScriptBuildPhase section */

/* Begin PBXSourcesBuildPhase section */
		71E9F81A220EC480007FBAE7 /* Sources */ = {
			isa = PBXSourcesBuildPhase;
			buildActionMask = 2147483647;
			files = (
				71E9F824220EC480007FBAE7 /* ViewController.swift in Sources */,
				71E9F822220EC480007FBAE7 /* AppDelegate.swift in Sources */,
			);
			runOnlyForDeploymentPostprocessing = 0;
		};
/* End PBXSourcesBuildPhase section */

/* Begin PBXVariantGroup section */
		71E9F825220EC480007FBAE7 /* Main.storyboard */ = {
			isa = PBXVariantGroup;
			children = (
				71E9F826220EC480007FBAE7 /* Base */,
			);
			name = Main.storyboard;
			sourceTree = "<group>";
		};
		71E9F82A220EC480007FBAE7 /* LaunchScreen.storyboard */ = {
			isa = PBXVariantGroup;
			children = (
				71E9F82B220EC480007FBAE7 /* Base */,
			);
			name = LaunchScreen.storyboard;
			sourceTree = "<group>";
		};
/* End PBXVariantGroup section */

/* Begin XCBuildConfiguration section */
		71E9F82E220EC480007FBAE7 /* Debug */ = {
			isa = XCBuildConfiguration;
			buildSettings = {
				ALWAYS_SEARCH_USER_PATHS = NO;
				CLANG_ANALYZER_NONNULL = YES;
				CLANG_ANALYZER_NUMBER_OBJECT_CONVERSION = YES_AGGRESSIVE;
				CLANG_CXX_LANGUAGE_STANDARD = "gnu++14";
				CLANG_CXX_LIBRARY = "libc++";
				CLANG_ENABLE_MODULES = YES;
				CLANG_ENABLE_OBJC_ARC = YES;
				CLANG_ENABLE_OBJC_WEAK = YES;
				CLANG_WARN_BLOCK_CAPTURE_AUTORELEASING = YES;
				CLANG_WARN_BOOL_CONVERSION = YES;
				CLANG_WARN_COMMA = YES;
				CLANG_WARN_CONSTANT_CONVERSION = YES;
				CLANG_WARN_DEPRECATED_OBJC_IMPLEMENTATIONS = YES;
				CLANG_WARN_DIRECT_OBJC_ISA_USAGE = YES_ERROR;
				CLANG_WARN_DOCUMENTATION_COMMENTS = YES;
				CLANG_WARN_EMPTY_BODY = YES;
				CLANG_WARN_ENUM_CONVERSION = YES;
				CLANG_WARN_INFINITE_RECURSION = YES;
				CLANG_WARN_INT_CONVERSION = YES;
				CLANG_WARN_NON_LITERAL_NULL_CONVERSION = YES;
				CLANG_WARN_OBJC_IMPLICIT_RETAIN_SELF = YES;
				CLANG_WARN_OBJC_LITERAL_CONVERSION = YES;
				CLANG_WARN_OBJC_ROOT_CLASS = YES_ERROR;
				CLANG_WARN_RANGE_LOOP_ANALYSIS = YES;
				CLANG_WARN_STRICT_PROTOTYPES = YES;
				CLANG_WARN_SUSPICIOUS_MOVE = YES;
				CLANG_WARN_UNGUARDED_AVAILABILITY = YES_AGGRESSIVE;
				CLANG_WARN_UNREACHABLE_CODE = YES;
				CLANG_WARN__DUPLICATE_METHOD_MATCH = YES;
				CODE_SIGN_IDENTITY = "iPhone Developer";
				COPY_PHASE_STRIP = NO;
				DEBUG_INFORMATION_FORMAT = dwarf;
				ENABLE_STRICT_OBJC_MSGSEND = YES;
				ENABLE_TESTABILITY = YES;
				GCC_C_LANGUAGE_STANDARD = gnu11;
				GCC_DYNAMIC_NO_PIC = NO;
				GCC_NO_COMMON_BLOCKS = YES;
				GCC_OPTIMIZATION_LEVEL = 0;
				GCC_PREPROCESSOR_DEFINITIONS = (
					"DEBUG=1",
					"$(inherited)",
				);
				GCC_WARN_64_TO_32_BIT_CONVERSION = YES;
				GCC_WARN_ABOUT_RETURN_TYPE = YES_ERROR;
				GCC_WARN_UNDECLARED_SELECTOR = YES;
				GCC_WARN_UNINITIALIZED_AUTOS = YES_AGGRESSIVE;
				GCC_WARN_UNUSED_FUNCTION = YES;
				GCC_WARN_UNUSED_VARIABLE = YES;
				IPHONEOS_DEPLOYMENT_TARGET = 10.0;
				MTL_ENABLE_DEBUG_INFO = INCLUDE_SOURCE;
				MTL_FAST_MATH = YES;
				ONLY_ACTIVE_ARCH = YES;
				SDKROOT = iphoneos;
				SWIFT_ACTIVE_COMPILATION_CONDITIONS = DEBUG;
				SWIFT_OPTIMIZATION_LEVEL = "-Onone";
			};
			name = Debug;
		};
		71E9F82F220EC480007FBAE7 /* Release */ = {
			isa = XCBuildConfiguration;
			buildSettings = {
				ALWAYS_SEARCH_USER_PATHS = NO;
				CLANG_ANALYZER_NONNULL = YES;
				CLANG_ANALYZER_NUMBER_OBJECT_CONVERSION = YES_AGGRESSIVE;
				CLANG_CXX_LANGUAGE_STANDARD = "gnu++14";
				CLANG_CXX_LIBRARY = "libc++";
				CLANG_ENABLE_MODULES = YES;
				CLANG_ENABLE_OBJC_ARC = YES;
				CLANG_ENABLE_OBJC_WEAK = YES;
				CLANG_WARN_BLOCK_CAPTURE_AUTORELEASING = YES;
				CLANG_WARN_BOOL_CONVERSION = YES;
				CLANG_WARN_COMMA = YES;
				CLANG_WARN_CONSTANT_CONVERSION = YES;
				CLANG_WARN_DEPRECATED_OBJC_IMPLEMENTATIONS = YES;
				CLANG_WARN_DIRECT_OBJC_ISA_USAGE = YES_ERROR;
				CLANG_WARN_DOCUMENTATION_COMMENTS = YES;
				CLANG_WARN_EMPTY_BODY = YES;
				CLANG_WARN_ENUM_CONVERSION = YES;
				CLANG_WARN_INFINITE_RECURSION = YES;
				CLANG_WARN_INT_CONVERSION = YES;
				CLANG_WARN_NON_LITERAL_NULL_CONVERSION = YES;
				CLANG_WARN_OBJC_IMPLICIT_RETAIN_SELF = YES;
				CLANG_WARN_OBJC_LITERAL_CONVERSION = YES;
				CLANG_WARN_OBJC_ROOT_CLASS = YES_ERROR;
				CLANG_WARN_RANGE_LOOP_ANALYSIS = YES;
				CLANG_WARN_STRICT_PROTOTYPES = YES;
				CLANG_WARN_SUSPICIOUS_MOVE = YES;
				CLANG_WARN_UNGUARDED_AVAILABILITY = YES_AGGRESSIVE;
				CLANG_WARN_UNREACHABLE_CODE = YES;
				CLANG_WARN__DUPLICATE_METHOD_MATCH = YES;
				CODE_SIGN_IDENTITY = "iPhone Developer";
				COPY_PHASE_STRIP = NO;
				DEBUG_INFORMATION_FORMAT = "dwarf-with-dsym";
				ENABLE_NS_ASSERTIONS = NO;
				ENABLE_STRICT_OBJC_MSGSEND = YES;
				GCC_C_LANGUAGE_STANDARD = gnu11;
				GCC_NO_COMMON_BLOCKS = YES;
				GCC_WARN_64_TO_32_BIT_CONVERSION = YES;
				GCC_WARN_ABOUT_RETURN_TYPE = YES_ERROR;
				GCC_WARN_UNDECLARED_SELECTOR = YES;
				GCC_WARN_UNINITIALIZED_AUTOS = YES_AGGRESSIVE;
				GCC_WARN_UNUSED_FUNCTION = YES;
				GCC_WARN_UNUSED_VARIABLE = YES;
				IPHONEOS_DEPLOYMENT_TARGET = 10.0;
				MTL_ENABLE_DEBUG_INFO = NO;
				MTL_FAST_MATH = YES;
				SDKROOT = iphoneos;
				SWIFT_COMPILATION_MODE = wholemodule;
				SWIFT_OPTIMIZATION_LEVEL = "-O";
				VALIDATE_PRODUCT = YES;
			};
			name = Release;
		};
		71E9F831220EC480007FBAE7 /* Debug */ = {
			isa = XCBuildConfiguration;
			baseConfigurationReference = DA42648062B994F733F15378 /* Pods-JBInspectorExample.debug.xcconfig */;
			buildSettings = {
				ASSETCATALOG_COMPILER_APPICON_NAME = AppIcon;
				CODE_SIGN_STYLE = Automatic;
				INFOPLIST_FILE = JBInspectorExample/Info.plist;
				LD_RUNPATH_SEARCH_PATHS = (
					"$(inherited)",
					"@executable_path/Frameworks",
				);
				PRODUCT_BUNDLE_IDENTIFIER = com.nekolaboratory.JBInspectorExample;
				PRODUCT_NAME = "$(TARGET_NAME)";
				SWIFT_VERSION = 4.2;
				TARGETED_DEVICE_FAMILY = "1,2";
			};
			name = Debug;
		};
		71E9F832220EC480007FBAE7 /* Release */ = {
			isa = XCBuildConfiguration;
			baseConfigurationReference = 0C88EB90A27982261A324420 /* Pods-JBInspectorExample.release.xcconfig */;
			buildSettings = {
				ASSETCATALOG_COMPILER_APPICON_NAME = AppIcon;
				CODE_SIGN_STYLE = Automatic;
				INFOPLIST_FILE = JBInspectorExample/Info.plist;
				LD_RUNPATH_SEARCH_PATHS = (
					"$(inherited)",
					"@executable_path/Frameworks",
				);
				PRODUCT_BUNDLE_IDENTIFIER = com.nekolaboratory.JBInspectorExample;
				PRODUCT_NAME = "$(TARGET_NAME)";
				SWIFT_VERSION = 4.2;
				TARGETED_DEVICE_FAMILY = "1,2";
			};
			name = Release;
		};
/* End XCBuildConfiguration section */

/* Begin XCConfigurationList section */
		71E9F819220EC480007FBAE7 /* Build configuration list for PBXProject "JBInspectorExample" */ = {
			isa = XCConfigurationList;
			buildConfigurations = (
				71E9F82E220EC480007FBAE7 /* Debug */,
				71E9F82F220EC480007FBAE7 /* Release */,
			);
			defaultConfigurationIsVisible = 0;
			defaultConfigurationName = Release;
		};
		71E9F830220EC480007FBAE7 /* Build configuration list for PBXNativeTarget "JBInspectorExample" */ = {
			isa = XCConfigurationList;
			buildConfigurations = (
				71E9F831220EC480007FBAE7 /* Debug */,
				71E9F832220EC480007FBAE7 /* Release */,
			);
			defaultConfigurationIsVisible = 0;
			defaultConfigurationName = Release;
		};
/* End XCConfigurationList section */
	};
	rootObject = 71E9F816220EC480007FBAE7 /* Project object */;
}
